# THIS IS AN AUTOGENERATED FILE. DO NOT EDIT THIS FILE DIRECTLY.
# yarn lockfile v1


emoji.json@^13.0.0:
  version "13.0.0"
  resolved "https://registry.yarnpkg.com/emoji.json/-/emoji.json-13.0.0.tgz#6f5733e9dc6749f3370a19a35538bd336e153641"
  integrity sha512-WqPeJGnRKialdmYfHKENkbsyVxwrKhHuZwKpXOsz6xWURIsazSENlpjHr5OwIj4sMAcBfHryEnDVyWfbtItu2A==
